
Microsoft Visual Studio Solution File, Format Version 12.00
# Visual Studio Version 17
VisualStudioVersion = 17.8.34330.188
MinimumVisualStudioVersion = 10.0.40219.1
Project("{FAE04EC0-301F-11D3-BF4B-00C04F79EFBC}") = "Intro", "Intro\Intro.csproj", "{6529879C-FAE4-4028-A795-C70678930DE4}"
EndProject
Global
	GlobalSection(SolutionConfigurationPlatforms) = preSolution
		Debug|Any CPU = Debug|Any CPU
		Release|Any CPU = Release|Any CPU
	EndGlobalSection
	GlobalSection(ProjectConfigurationPlatforms) = postSolution
		{6529879C-FAE4-4028-A795-C70678930DE4}.Debug|Any CPU.ActiveCfg = Debug|Any CPU
		{6529879C-FAE4-4028-A795-C70678930DE4}.Debug|Any CPU.Build.0 = Debug|Any CPU
		{6529879C-FAE4-4028-A795-C70678930DE4}.Release|Any CPU.ActiveCfg = Release|Any CPU
		{6529879C-FAE4-4028-A795-C70678930DE4}.Release|Any CPU.Build.0 = Release|Any CPU
	EndGlobalSection
	GlobalSection(SolutionProperties) = preSolution
		HideSolutionNode = FALSE
	EndGlobalSection
	GlobalSection(ExtensibilityGlobals) = postSolution
		SolutionGuid = {D3E43C67-5AE9-4294-9174-6B297292D0D9}
	EndGlobalSection
EndGlobal
